{
  "name": "phase-4",
  "lockfileVersion": 3,
  "requires": true,
  "packages": {
    "": {
      "dependencies": {
        "react-speech-recognition": "^4.0.1",
        "regenerator-runtime": "^0.14.1"
      },
      "devDependencies": {
        "@types/react-speech-recognition": "^3.9.6"
      }
    },
    "node_modules/@types/dom-speech-recognition": {
      "version": "0.0.7",
      "resolved": "https://registry.npmjs.org/@types/dom-speech-recognition/-/dom-speech-recognition-0.0.7.tgz",
      "integrity": "sha512-NjiUoJbBlKhyufNsMZLSp+pbPNtPAFnR738RCJvtZy/HVQ2TZjmqpMyaeOSMXgxdfZM60nt8QGbtfmQrJAH2sw==",
      "dev": true,
      "license": "MIT"
    },
    "node_modules/@types/react-speech-recognition": {
      "version": "3.9.6",
      "resolved": "https://registry.npmjs.org/@types/react-speech-recognition/-/react-speech-recognition-3.9.6.tgz",
      "integrity": "sha512-cdzwXIZXWyp8zfM2XI7APDW1rZf4Nz73T4SIS2y+cC7zHnZluCdumYKH6HacxgxJH+zemAq2oXbHWXcyW0eT3A==",
      "dev": true,
      "license": "MIT",
      "dependencies": {
        "@types/dom-speech-recognition": "*"
      }
    },
    "node_modules/lodash.debounce": {
      "version": "4.0.8",
      "resolved": "https://registry.npmjs.org/lodash.debounce/-/lodash.debounce-4.0.8.tgz",
      "integrity": "sha512-FT1yDzDYEoYWhnSGnpE/4Kj1fLZkDFyqRb7fNt6FdYOSxlUWAtp42Eh6Wb0rGIv/m9Bgo7x4GhQbm5Ys4SG5ow==",
      "license": "MIT"
    },
    "node_modules/react": {
      "version": "19.2.4",
      "resolved": "https://registry.npmjs.org/react/-/react-19.2.4.tgz",
      "integrity": "sha512-9nfp2hYpCwOjAN+8TZFGhtWEwgvWHXqESH8qT89AT/lWklpLON22Lc8pEtnpsZz7VmawabSU0gCjnj8aC0euHQ==",
      "license": "MIT",
      "peer": true,
      "engines": {
        "node": ">=0.10.0"
      }
    },
    "node_modules/react-speech-recognition": {
      "version": "4.0.1",
      "resolved": "https://registry.npmjs.org/react-speech-recognition/-/react-speech-recognition-4.0.1.tgz",
      "integrity": "sha512-0fIqzLtfY8vuYA6AmJVK7qiabZx0oFKOO+rbiBgFI3COWVGREy0A+gdU16hWXmFebeyrI8JsOLYsWk6WaHUXRw==",
      "license": "MIT",
      "dependencies": {
        "lodash.debounce": "^4.0.8"
      },
      "peerDependencies": {
        "react": ">=16.8.0"
      }
    },
    "node_modules/regenerator-runtime": {
      "version": "0.14.1",
      "resolved": "https://registry.npmjs.org/regenerator-runtime/-/regenerator-runtime-0.14.1.tgz",
      "integrity": "sha512-dYnhHh0nJoMfnkZs6GmmhFknAGRrLznOu5nc9ML+EJxGvrx6H7teuevqVqCuPcPK//3eDrrjQhehXVx9cnkGdw==",
      "license": "MIT"
    }
  }
}
